// !$*UTF8*$!
{
	archiveVersion = 1;
	classes = {
	};
	objectVersion = 56;
	objects = {

/* Begin PBXBuildFile section */
		24741B0F2EE33258009836A3 /* ChartData.swift in Sources */ = {isa = PBXBuildFile; fileRef = 24741B0B2EE33258009836A3 /* ChartData.swift */; };
		24741B102EE33258009836A3 /* LegacySchemas.swift in Sources */ = {isa = PBXBuildFile; fileRef = 24741B0C2EE33258009836A3 /* LegacySchemas.swift */; };
		24741B112EE33258009836A3 /* TodoData.swift in Sources */ = {isa = PBXBuildFile; fileRef = 24741B0D2EE33258009836A3 /* TodoData.swift */; };
		24741B1A2EE3325E009836A3 /* ReminderService.swift in Sources */ = {isa = PBXBuildFile; fileRef = 24741B162EE3325E009836A3 /* ReminderService.swift */; };
		24741B1B2EE3325E009836A3 /* Extensions.swift in Sources */ = {isa = PBXBuildFile; fileRef = 24741B142EE3325E009836A3 /* Extensions.swift */; };
		24741B1C2EE3325E009836A3 /* CalendarService.swift in Sources */ = {isa = PBXBuildFile; fileRef = 24741B132EE3325E009836A3 /* CalendarService.swift */; };
		24741B1D2EE3325E009836A3 /* NotificationService.swift in Sources */ = {isa = PBXBuildFile; fileRef = 24741B152EE3325E009836A3 /* NotificationService.swift */; };
		24741B1E2EE3325E009836A3 /* TodoService.swift in Sources */ = {isa = PBXBuildFile; fileRef = 24741B182EE3325E009836A3 /* TodoService.swift */; };
		24741B1F2EE3325E009836A3 /* AppTips.swift in Sources */ = {isa = PBXBuildFile; fileRef = 24741B122EE3325E009836A3 /* AppTips.swift */; };
		24741B202EE3325E009836A3 /* StoreKitManager.swift in Sources */ = {isa = PBXBuildFile; fileRef = 24741B172EE3325E009836A3 /* StoreKitManager.swift */; };
		24741B212EE3326A009836A3 /* ChartData.swift in Sources */ = {isa = PBXBuildFile; fileRef = 24741B0B2EE33258009836A3 /* ChartData.swift */; };
		24741B222EE3326A009836A3 /* LegacySchemas.swift in Sources */ = {isa = PBXBuildFile; fileRef = 24741B0C2EE33258009836A3 /* LegacySchemas.swift */; };
		24741B232EE3326A009836A3 /* TodoData.swift in Sources */ = {isa = PBXBuildFile; fileRef = 24741B0D2EE33258009836A3 /* TodoData.swift */; };
		24741B372EE33271009836A3 /* ContributionChartView.swift in Sources */ = {isa = PBXBuildFile; fileRef = 24741B292EE33271009836A3 /* ContributionChartView.swift */; };
		24741B382EE33271009836A3 /* EditTodoView.swift in Sources */ = {isa = PBXBuildFile; fileRef = 24741B302EE33271009836A3 /* EditTodoView.swift */; };
		24741B392EE33271009836A3 /* SidebarView.swift in Sources */ = {isa = PBXBuildFile; fileRef = 24741B252EE33271009836A3 /* SidebarView.swift */; };
		24741B3A2EE33271009836A3 /* SettingsView.swift in Sources */ = {isa = PBXBuildFile; fileRef = 24741B272EE33271009836A3 /* SettingsView.swift */; };
		24741B3B2EE33271009836A3 /* EmergencyView.swift in Sources */ = {isa = PBXBuildFile; fileRef = 24741B312EE33271009836A3 /* EmergencyView.swift */; };
		24741B3C2EE33271009836A3 /* DoneView.swift in Sources */ = {isa = PBXBuildFile; fileRef = 24741B2F2EE33271009836A3 /* DoneView.swift */; };
		24741B3D2EE33271009836A3 /* StatisticsView.swift in Sources */ = {isa = PBXBuildFile; fileRef = 24741B2A2EE33271009836A3 /* StatisticsView.swift */; };
		24741B3E2EE33271009836A3 /* TodoListView.swift in Sources */ = {isa = PBXBuildFile; fileRef = 24741B342EE33271009836A3 /* TodoListView.swift */; };
		24741B3F2EE33271009836A3 /* StoreView.swift in Sources */ = {isa = PBXBuildFile; fileRef = 24741B2C2EE33271009836A3 /* StoreView.swift */; };
		24741B402EE33271009836A3 /* AddTodoView.swift in Sources */ = {isa = PBXBuildFile; fileRef = 24741B2E2EE33271009836A3 /* AddTodoView.swift */; };
		24741B412EE33271009836A3 /* ContentView.swift in Sources */ = {isa = PBXBuildFile; fileRef = 24741B242EE33271009836A3 /* ContentView.swift */; };
		24741B422EE33271009836A3 /* SearchTodoView.swift in Sources */ = {isa = PBXBuildFile; fileRef = 24741B322EE33271009836A3 /* SearchTodoView.swift */; };
		24741B432EE33271009836A3 /* TodoCardView.swift in Sources */ = {isa = PBXBuildFile; fileRef = 24741B332EE33271009836A3 /* TodoCardView.swift */; };
		A1199E9E2BAC7986000C0A84 /* WidgetKit.framework in Frameworks */ = {isa = PBXBuildFile; fileRef = A1199E9D2BAC7986000C0A84 /* WidgetKit.framework */; };
		A1199EA02BAC7986000C0A84 /* SwiftUI.framework in Frameworks */ = {isa = PBXBuildFile; fileRef = A1199E9F2BAC7986000C0A84 /* SwiftUI.framework */; };
		A1199EA32BAC7986000C0A84 /* DeadLineTodoWidgetBundle.swift in Sources */ = {isa = PBXBuildFile; fileRef = A1199EA22BAC7986000C0A84 /* DeadLineTodoWidgetBundle.swift */; };
		A1199EA72BAC7988000C0A84 /* Assets.xcassets in Resources */ = {isa = PBXBuildFile; fileRef = A1199EA62BAC7988000C0A84 /* Assets.xcassets */; };
		A1199EAB2BAC7988000C0A84 /* DeadLineTodoWidgetExtension.appex in Embed Foundation Extensions */ = {isa = PBXBuildFile; fileRef = A1199E9B2BAC7986000C0A84 /* DeadLineTodoWidgetExtension.appex */; settings = {ATTRIBUTES = (RemoveHeadersOnCopy, ); }; };
		A1199ED22BAEF986000C0A84 /* DeadLineTodoWidget.swift in Sources */ = {isa = PBXBuildFile; fileRef = A1199EA42BAC7986000C0A84 /* DeadLineTodoWidget.swift */; };
		A1199F342BB1BCA7000C0A84 /* Localizable.strings in Resources */ = {isa = PBXBuildFile; fileRef = A1DB8CC22B87898700031584 /* Localizable.strings */; };
		A122C7E02B57DDE8001BE346 /* DeadLineTodoApp.swift in Sources */ = {isa = PBXBuildFile; fileRef = A122C7DF2B57DDE8001BE346 /* DeadLineTodoApp.swift */; };
		A122C7E72B57DDEC001BE346 /* Preview Assets.xcassets in Resources */ = {isa = PBXBuildFile; fileRef = A122C7E62B57DDEC001BE346 /* Preview Assets.xcassets */; };
		A15320FC2BC0F4B600C69E56 /* DeadLineTodoStore.storekit in Resources */ = {isa = PBXBuildFile; fileRef = A15320FB2BC0F4B600C69E56 /* DeadLineTodoStore.storekit */; };
		A15320FE2BC15BB000C69E56 /* StoreKit.framework in Frameworks */ = {isa = PBXBuildFile; fileRef = A15320FD2BC15BB000C69E56 /* StoreKit.framework */; };
		A15321002BC190FE00C69E56 /* PropertyList.plist in Resources */ = {isa = PBXBuildFile; fileRef = A15320FF2BC190FE00C69E56 /* PropertyList.plist */; };
		A16D36F22D77140400AF3FD2 /* SwiftUIPullToRefresh in Frameworks */ = {isa = PBXBuildFile; productRef = A16D36F12D77140400AF3FD2 /* SwiftUIPullToRefresh */; };
		A177A9F82BDD3D6D008CD6D3 /* Assets.xcassets in Resources */ = {isa = PBXBuildFile; fileRef = A177A9F72BDD3D6D008CD6D3 /* Assets.xcassets */; };
		A19A87342BDCE52500B5A133 /* InfoPlist.strings in Resources */ = {isa = PBXBuildFile; fileRef = A19A87322BDCE52500B5A133 /* InfoPlist.strings */; };
		A19A87352BDCE52500B5A133 /* InfoPlist.strings in Resources */ = {isa = PBXBuildFile; fileRef = A19A87322BDCE52500B5A133 /* InfoPlist.strings */; };
		A1DB8CC02B87898700031584 /* Localizable.strings in Resources */ = {isa = PBXBuildFile; fileRef = A1DB8CC22B87898700031584 /* Localizable.strings */; };
		C59CCB732DA2D2BB00406817 /* SwiftUIPullToRefresh in Frameworks */ = {isa = PBXBuildFile; productRef = C59CCB722DA2D2BB00406817 /* SwiftUIPullToRefresh */; };
/* End PBXBuildFile section */

/* Begin PBXContainerItemProxy section */
		A1199EA92BAC7988000C0A84 /* PBXContainerItemProxy */ = {
			isa = PBXContainerItemProxy;
			containerPortal = A122C7D42B57DDE8001BE346 /* Project object */;
			proxyType = 1;
			remoteGlobalIDString = A1199E9A2BAC7986000C0A84;
			remoteInfo = DeadLineTodoWidgetExtension;
		};
/* End PBXContainerItemProxy section */

/* Begin PBXCopyFilesBuildPhase section */
		A152DA1F2B79048A00E548E9 /* Embed Foundation Extensions */ = {
			isa = PBXCopyFilesBuildPhase;
			buildActionMask = 12;
			dstPath = "";
			dstSubfolderSpec = 13;
			files = (
				A1199EAB2BAC7988000C0A84 /* DeadLineTodoWidgetExtension.appex in Embed Foundation Extensions */,
			);
			name = "Embed Foundation Extensions";
			runOnlyForDeploymentPostprocessing = 0;
		};
/* End PBXCopyFilesBuildPhase section */

/* Begin PBXFileReference section */
		24741B0B2EE33258009836A3 /* ChartData.swift */ = {isa = PBXFileReference; lastKnownFileType = sourcecode.swift; path = ChartData.swift; sourceTree = "<group>"; };
		24741B0C2EE33258009836A3 /* LegacySchemas.swift */ = {isa = PBXFileReference; lastKnownFileType = sourcecode.swift; path = LegacySchemas.swift; sourceTree = "<group>"; };
		24741B0D2EE33258009836A3 /* TodoData.swift */ = {isa = PBXFileReference; lastKnownFileType = sourcecode.swift; path = TodoData.swift; sourceTree = "<group>"; };
		24741B122EE3325E009836A3 /* AppTips.swift */ = {isa = PBXFileReference; lastKnownFileType = sourcecode.swift; path = AppTips.swift; sourceTree = "<group>"; };
		24741B132EE3325E009836A3 /* CalendarService.swift */ = {isa = PBXFileReference; lastKnownFileType = sourcecode.swift; path = CalendarService.swift; sourceTree = "<group>"; };
		24741B142EE3325E009836A3 /* Extensions.swift */ = {isa = PBXFileReference; lastKnownFileType = sourcecode.swift; path = Extensions.swift; sourceTree = "<group>"; };
		24741B152EE3325E009836A3 /* NotificationService.swift */ = {isa = PBXFileReference; lastKnownFileType = sourcecode.swift; path = NotificationService.swift; sourceTree = "<group>"; };
		24741B162EE3325E009836A3 /* ReminderService.swift */ = {isa = PBXFileReference; lastKnownFileType = sourcecode.swift; path = ReminderService.swift; sourceTree = "<group>"; };
		24741B172EE3325E009836A3 /* StoreKitManager.swift */ = {isa = PBXFileReference; lastKnownFileType = sourcecode.swift; path = StoreKitManager.swift; sourceTree = "<group>"; };
		24741B182EE3325E009836A3 /* TodoService.swift */ = {isa = PBXFileReference; lastKnownFileType = sourcecode.swift; path = TodoService.swift; sourceTree = "<group>"; };
		24741B242EE33271009836A3 /* ContentView.swift */ = {isa = PBXFileReference; lastKnownFileType = sourcecode.swift; path = ContentView.swift; sourceTree = "<group>"; };
		24741B252EE33271009836A3 /* SidebarView.swift */ = {isa = PBXFileReference; lastKnownFileType = sourcecode.swift; path = SidebarView.swift; sourceTree = "<group>"; };
		24741B272EE33271009836A3 /* SettingsView.swift */ = {isa = PBXFileReference; lastKnownFileType = sourcecode.swift; path = SettingsView.swift; sourceTree = "<group>"; };
		24741B292EE33271009836A3 /* ContributionChartView.swift */ = {isa = PBXFileReference; lastKnownFileType = sourcecode.swift; path = ContributionChartView.swift; sourceTree = "<group>"; };
		24741B2A2EE33271009836A3 /* StatisticsView.swift */ = {isa = PBXFileReference; lastKnownFileType = sourcecode.swift; path = StatisticsView.swift; sourceTree = "<group>"; };
		24741B2C2EE33271009836A3 /* StoreView.swift */ = {isa = PBXFileReference; lastKnownFileType = sourcecode.swift; path = StoreView.swift; sourceTree = "<group>"; };
		24741B2E2EE33271009836A3 /* AddTodoView.swift */ = {isa = PBXFileReference; lastKnownFileType = sourcecode.swift; path = AddTodoView.swift; sourceTree = "<group>"; };
		24741B2F2EE33271009836A3 /* DoneView.swift */ = {isa = PBXFileReference; lastKnownFileType = sourcecode.swift; path = DoneView.swift; sourceTree = "<group>"; };
		24741B302EE33271009836A3 /* EditTodoView.swift */ = {isa = PBXFileReference; lastKnownFileType = sourcecode.swift; path = EditTodoView.swift; sourceTree = "<group>"; };
		24741B312EE33271009836A3 /* EmergencyView.swift */ = {isa = PBXFileReference; lastKnownFileType = sourcecode.swift; path = EmergencyView.swift; sourceTree = "<group>"; };
		24741B322EE33271009836A3 /* SearchTodoView.swift */ = {isa = PBXFileReference; lastKnownFileType = sourcecode.swift; path = SearchTodoView.swift; sourceTree = "<group>"; };
		24741B332EE33271009836A3 /* TodoCardView.swift */ = {isa = PBXFileReference; lastKnownFileType = sourcecode.swift; path = TodoCardView.swift; sourceTree = "<group>"; };
		24741B342EE33271009836A3 /* TodoListView.swift */ = {isa = PBXFileReference; lastKnownFileType = sourcecode.swift; path = TodoListView.swift; sourceTree = "<group>"; };
		A1199E9B2BAC7986000C0A84 /* DeadLineTodoWidgetExtension.appex */ = {isa = PBXFileReference; explicitFileType = "wrapper.app-extension"; includeInIndex = 0; path = DeadLineTodoWidgetExtension.appex; sourceTree = BUILT_PRODUCTS_DIR; };
		A1199E9D2BAC7986000C0A84 /* WidgetKit.framework */ = {isa = PBXFileReference; lastKnownFileType = wrapper.framework; name = WidgetKit.framework; path = System/Library/Frameworks/WidgetKit.framework; sourceTree = SDKROOT; };
		A1199E9F2BAC7986000C0A84 /* SwiftUI.framework */ = {isa = PBXFileReference; lastKnownFileType = wrapper.framework; name = SwiftUI.framework; path = System/Library/Frameworks/SwiftUI.framework; sourceTree = SDKROOT; };
		A1199EA22BAC7986000C0A84 /* DeadLineTodoWidgetBundle.swift */ = {isa = PBXFileReference; lastKnownFileType = sourcecode.swift; path = DeadLineTodoWidgetBundle.swift; sourceTree = "<group>"; };
		A1199EA42BAC7986000C0A84 /* DeadLineTodoWidget.swift */ = {isa = PBXFileReference; lastKnownFileType = sourcecode.swift; path = DeadLineTodoWidget.swift; sourceTree = "<group>"; };
		A1199EA62BAC7988000C0A84 /* Assets.xcassets */ = {isa = PBXFileReference; lastKnownFileType = folder.assetcatalog; path = Assets.xcassets; sourceTree = "<group>"; };
		A1199EA82BAC7988000C0A84 /* Info.plist */ = {isa = PBXFileReference; lastKnownFileType = text.plist.xml; path = Info.plist; sourceTree = "<group>"; };
		A1199ED02BAEF82A000C0A84 /* DeadLineTodo.entitlements */ = {isa = PBXFileReference; lastKnownFileType = text.plist.entitlements; path = DeadLineTodo.entitlements; sourceTree = "<group>"; };
		A1199ED12BAEF84B000C0A84 /* DeadLineTodoWidgetExtension.entitlements */ = {isa = PBXFileReference; lastKnownFileType = text.plist.entitlements; path = DeadLineTodoWidgetExtension.entitlements; sourceTree = "<group>"; };
		A122C7DF2B57DDE8001BE346 /* DeadLineTodoApp.swift */ = {isa = PBXFileReference; lastKnownFileType = sourcecode.swift; path = DeadLineTodoApp.swift; sourceTree = "<group>"; };
		A122C7E62B57DDEC001BE346 /* Preview Assets.xcassets */ = {isa = PBXFileReference; lastKnownFileType = folder.assetcatalog; path = "Preview Assets.xcassets"; sourceTree = "<group>"; };
		A13E25312B889DDA00D20C74 /* zh-Hant */ = {isa = PBXFileReference; lastKnownFileType = text.plist.strings; name = "zh-Hant"; path = "zh-Hant.lproj/Localizable.strings"; sourceTree = "<group>"; };
		A15320FB2BC0F4B600C69E56 /* DeadLineTodoStore.storekit */ = {isa = PBXFileReference; fileEncoding = 4; lastKnownFileType = text; path = DeadLineTodoStore.storekit; sourceTree = "<group>"; };
		A15320FD2BC15BB000C69E56 /* StoreKit.framework */ = {isa = PBXFileReference; lastKnownFileType = wrapper.framework; name = StoreKit.framework; path = System/Library/Frameworks/StoreKit.framework; sourceTree = SDKROOT; };
		A15320FF2BC190FE00C69E56 /* PropertyList.plist */ = {isa = PBXFileReference; lastKnownFileType = text.plist.xml; path = PropertyList.plist; sourceTree = "<group>"; };
		A177A9F72BDD3D6D008CD6D3 /* Assets.xcassets */ = {isa = PBXFileReference; lastKnownFileType = folder.assetcatalog; path = Assets.xcassets; sourceTree = "<group>"; };
		A19927E62B6789C200A1FBF2 /* DeadLineTodo.app */ = {isa = PBXFileReference; explicitFileType = wrapper.application; includeInIndex = 0; path = DeadLineTodo.app; sourceTree = BUILT_PRODUCTS_DIR; };
		A19A87312BDCE3ED00B5A133 /* Info.plist */ = {isa = PBXFileReference; lastKnownFileType = text.plist.xml; path = Info.plist; sourceTree = "<group>"; };
		A19A87332BDCE52500B5A133 /* en */ = {isa = PBXFileReference; lastKnownFileType = text.plist.strings; name = en; path = en.lproj/InfoPlist.strings; sourceTree = "<group>"; };
		A19A87362BDCE52F00B5A133 /* zh-Hans */ = {isa = PBXFileReference; lastKnownFileType = text.plist.strings; name = "zh-Hans"; path = "zh-Hans.lproj/InfoPlist.strings"; sourceTree = "<group>"; };
		A19A87372BDCE53200B5A133 /* zh-Hant */ = {isa = PBXFileReference; lastKnownFileType = text.plist.strings; name = "zh-Hant"; path = "zh-Hant.lproj/InfoPlist.strings"; sourceTree = "<group>"; };
		A1DB8CC12B87898700031584 /* zh-Hans */ = {isa = PBXFileReference; lastKnownFileType = text.plist.strings; name = "zh-Hans"; path = "zh-Hans.lproj/Localizable.strings"; sourceTree = "<group>"; };
		A1DB8CC32B87898900031584 /* en */ = {isa = PBXFileReference; lastKnownFileType = text.plist.strings; name = en; path = en.lproj/Localizable.strings; sourceTree = "<group>"; };
/* End PBXFileReference section */

/* Begin PBXFrameworksBuildPhase section */
		A1199E982BAC7986000C0A84 /* Frameworks */ = {
			isa = PBXFrameworksBuildPhase;
			buildActionMask = 2147483647;
			files = (
				A1199EA02BAC7986000C0A84 /* SwiftUI.framework in Frameworks */,
				A1199E9E2BAC7986000C0A84 /* WidgetKit.framework in Frameworks */,
			);
			runOnlyForDeploymentPostprocessing = 0;
		};
		A122C7D92B57DDE8001BE346 /* Frameworks */ = {
			isa = PBXFrameworksBuildPhase;
			buildActionMask = 2147483647;
			files = (
				A16D36F22D77140400AF3FD2 /* SwiftUIPullToRefresh in Frameworks */,
				A15320FE2BC15BB000C69E56 /* StoreKit.framework in Frameworks */,
				C59CCB732DA2D2BB00406817 /* SwiftUIPullToRefresh in Frameworks */,
			);
			runOnlyForDeploymentPostprocessing = 0;
		};
/* End PBXFrameworksBuildPhase section */

/* Begin PBXGroup section */
		24741B0E2EE33258009836A3 /* Models */ = {
			isa = PBXGroup;
			children = (
				24741B0B2EE33258009836A3 /* ChartData.swift */,
				24741B0C2EE33258009836A3 /* LegacySchemas.swift */,
				24741B0D2EE33258009836A3 /* TodoData.swift */,
			);
			path = Models;
			sourceTree = "<group>";
		};
		24741B192EE3325E009836A3 /* Utilities */ = {
			isa = PBXGroup;
			children = (
				24741B122EE3325E009836A3 /* AppTips.swift */,
				24741B132EE3325E009836A3 /* CalendarService.swift */,
				24741B142EE3325E009836A3 /* Extensions.swift */,
				24741B152EE3325E009836A3 /* NotificationService.swift */,
				24741B162EE3325E009836A3 /* ReminderService.swift */,
				24741B172EE3325E009836A3 /* StoreKitManager.swift */,
				24741B182EE3325E009836A3 /* TodoService.swift */,
			);
			path = Utilities;
			sourceTree = "<group>";
		};
		24741B262EE33271009836A3 /* Main */ = {
			isa = PBXGroup;
			children = (
				24741B242EE33271009836A3 /* ContentView.swift */,
				24741B252EE33271009836A3 /* SidebarView.swift */,
			);
			path = Main;
			sourceTree = "<group>";
		};
		24741B282EE33271009836A3 /* Settings */ = {
			isa = PBXGroup;
			children = (
				24741B272EE33271009836A3 /* SettingsView.swift */,
			);
			path = Settings;
			sourceTree = "<group>";
		};
		24741B2B2EE33271009836A3 /* Statistics */ = {
			isa = PBXGroup;
			children = (
				24741B292EE33271009836A3 /* ContributionChartView.swift */,
				24741B2A2EE33271009836A3 /* StatisticsView.swift */,
			);
			path = Statistics;
			sourceTree = "<group>";
		};
		24741B2D2EE33271009836A3 /* Store */ = {
			isa = PBXGroup;
			children = (
				24741B2C2EE33271009836A3 /* StoreView.swift */,
			);
			path = Store;
			sourceTree = "<group>";
		};
		24741B352EE33271009836A3 /* Todo */ = {
			isa = PBXGroup;
			children = (
				24741B2E2EE33271009836A3 /* AddTodoView.swift */,
				24741B2F2EE33271009836A3 /* DoneView.swift */,
				24741B302EE33271009836A3 /* EditTodoView.swift */,
				24741B312EE33271009836A3 /* EmergencyView.swift */,
				24741B322EE33271009836A3 /* SearchTodoView.swift */,
				24741B332EE33271009836A3 /* TodoCardView.swift */,
				24741B342EE33271009836A3 /* TodoListView.swift */,
			);
			path = Todo;
			sourceTree = "<group>";
		};
		24741B362EE33271009836A3 /* Views */ = {
			isa = PBXGroup;
			children = (
				24741B262EE33271009836A3 /* Main */,
				24741B282EE33271009836A3 /* Settings */,
				24741B2B2EE33271009836A3 /* Statistics */,
				24741B2D2EE33271009836A3 /* Store */,
				24741B352EE33271009836A3 /* Todo */,
			);
			path = Views;
			sourceTree = "<group>";
		};
		A1199E9C2BAC7986000C0A84 /* Frameworks */ = {
			isa = PBXGroup;
			children = (
				A15320FD2BC15BB000C69E56 /* StoreKit.framework */,
				A1199E9D2BAC7986000C0A84 /* WidgetKit.framework */,
				A1199E9F2BAC7986000C0A84 /* SwiftUI.framework */,
			);
			name = Frameworks;
			sourceTree = "<group>";
		};
		A1199EA12BAC7986000C0A84 /* DeadLineTodoWidget */ = {
			isa = PBXGroup;
			children = (
				A1199EA22BAC7986000C0A84 /* DeadLineTodoWidgetBundle.swift */,
				A1199EA42BAC7986000C0A84 /* DeadLineTodoWidget.swift */,
				A1199EA62BAC7988000C0A84 /* Assets.xcassets */,
				A1199EA82BAC7988000C0A84 /* Info.plist */,
			);
			path = DeadLineTodoWidget;
			sourceTree = "<group>";
		};
		A122C7D32B57DDE8001BE346 = {
			isa = PBXGroup;
			children = (
				A1199ED12BAEF84B000C0A84 /* DeadLineTodoWidgetExtension.entitlements */,
				A19927E62B6789C200A1FBF2 /* DeadLineTodo.app */,
				A122C7DE2B57DDE8001BE346 /* DeadLineTodo */,
				A1199E9B2BAC7986000C0A84 /* DeadLineTodoWidgetExtension.appex */,
				A1199EA12BAC7986000C0A84 /* DeadLineTodoWidget */,
				A1199E9C2BAC7986000C0A84 /* Frameworks */,
			);
			sourceTree = "<group>";
		};
		A122C7DE2B57DDE8001BE346 /* DeadLineTodo */ = {
			isa = PBXGroup;
			children = (
				24741B362EE33271009836A3 /* Views */,
				24741B192EE3325E009836A3 /* Utilities */,
				24741B0E2EE33258009836A3 /* Models */,
				A1199ED02BAEF82A000C0A84 /* DeadLineTodo.entitlements */,
				A1DB8CBD2B8788F400031584 /* Localize */,
				A122C7DF2B57DDE8001BE346 /* DeadLineTodoApp.swift */,
				A19A87312BDCE3ED00B5A133 /* Info.plist */,
				A19A87322BDCE52500B5A133 /* InfoPlist.strings */,
				A15320FF2BC190FE00C69E56 /* PropertyList.plist */,
				A15320FB2BC0F4B600C69E56 /* DeadLineTodoStore.storekit */,
				A177A9F72BDD3D6D008CD6D3 /* Assets.xcassets */,
				A122C7E52B57DDEC001BE346 /* Preview Content */,
			);
			path = DeadLineTodo;
			sourceTree = "<group>";
		};
		A122C7E52B57DDEC001BE346 /* Preview Content */ = {
			isa = PBXGroup;
			children = (
				A122C7E62B57DDEC001BE346 /* Preview Assets.xcassets */,
			);
			path = "Preview Content";
			sourceTree = "<group>";
		};
		A1DB8CBD2B8788F400031584 /* Localize */ = {
			isa = PBXGroup;
			children = (
				A1DB8CC22B87898700031584 /* Localizable.strings */,
			);
			path = Localize;
			sourceTree = "<group>";
		};
/* End PBXGroup section */

/* Begin PBXNativeTarget section */
		A1199E9A2BAC7986000C0A84 /* DeadLineTodoWidgetExtension */ = {
			isa = PBXNativeTarget;
			buildConfigurationList = A1199EAE2BAC7988000C0A84 /* Build configuration list for PBXNativeTarget "DeadLineTodoWidgetExtension" */;
			buildPhases = (
				A1199E972BAC7986000C0A84 /* Sources */,
				A1199E982BAC7986000C0A84 /* Frameworks */,
				A1199E992BAC7986000C0A84 /* Resources */,
			);
			buildRules = (
			);
			dependencies = (
			);
			name = DeadLineTodoWidgetExtension;
			packageProductDependencies = (
			);
			productName = DeadLineTodoWidgetExtension;
			productReference = A1199E9B2BAC7986000C0A84 /* DeadLineTodoWidgetExtension.appex */;
			productType = "com.apple.product-type.app-extension";
		};
		A122C7DB2B57DDE8001BE346 /* DeadLineTodo */ = {
			isa = PBXNativeTarget;
			buildConfigurationList = A122C7EA2B57DDEC001BE346 /* Build configuration list for PBXNativeTarget "DeadLineTodo" */;
			buildPhases = (
				A122C7D82B57DDE8001BE346 /* Sources */,
				A122C7D92B57DDE8001BE346 /* Frameworks */,
				A122C7DA2B57DDE8001BE346 /* Resources */,
				A152DA1F2B79048A00E548E9 /* Embed Foundation Extensions */,
			);
			buildRules = (
			);
			dependencies = (
				A1199EAA2BAC7988000C0A84 /* PBXTargetDependency */,
			);
			name = DeadLineTodo;
			packageProductDependencies = (
				A16D36F12D77140400AF3FD2 /* SwiftUIPullToRefresh */,
				C59CCB722DA2D2BB00406817 /* SwiftUIPullToRefresh */,
			);
			productName = DeadLineTodo;
			productReference = A19927E62B6789C200A1FBF2 /* DeadLineTodo.app */;
			productType = "com.apple.product-type.application";
		};
/* End PBXNativeTarget section */

/* Begin PBXProject section */
		A122C7D42B57DDE8001BE346 /* Project object */ = {
			isa = PBXProject;
			attributes = {
				BuildIndependentTargetsInParallel = 1;
				LastSwiftUpdateCheck = 1530;
				LastUpgradeCheck = 1520;
				TargetAttributes = {
					A1199E9A2BAC7986000C0A84 = {
						CreatedOnToolsVersion = 15.3;
					};
					A122C7DB2B57DDE8001BE346 = {
						CreatedOnToolsVersion = 15.2;
						LastSwiftMigration = 1530;
					};
				};
			};
			buildConfigurationList = A122C7D72B57DDE8001BE346 /* Build configuration list for PBXProject "DeadLineTodo" */;
			compatibilityVersion = "Xcode 14.0";
			developmentRegion = en;
			hasScannedForEncodings = 0;
			knownRegions = (
				en,
				Base,
				"zh-Hans",
				"zh-Hant",
			);
			mainGroup = A122C7D32B57DDE8001BE346;
			packageReferences = (
				C59CCB712DA2D2BB00406817 /* XCRemoteSwiftPackageReference "swiftui-pull-to-refresh" */,
			);
			productRefGroup = A122C7D32B57DDE8001BE346;
			projectDirPath = "";
			projectRoot = "";
			targets = (
				A122C7DB2B57DDE8001BE346 /* DeadLineTodo */,
				A1199E9A2BAC7986000C0A84 /* DeadLineTodoWidgetExtension */,
			);
		};
/* End PBXProject section */

/* Begin PBXResourcesBuildPhase section */
		A1199E992BAC7986000C0A84 /* Resources */ = {
			isa = PBXResourcesBuildPhase;
			buildActionMask = 2147483647;
			files = (
				A1199EA72BAC7988000C0A84 /* Assets.xcassets in Resources */,
				A19A87352BDCE52500B5A133 /* InfoPlist.strings in Resources */,
				A1199F342BB1BCA7000C0A84 /* Localizable.strings in Resources */,
			);
			runOnlyForDeploymentPostprocessing = 0;
		};
		A122C7DA2B57DDE8001BE346 /* Resources */ = {
			isa = PBXResourcesBuildPhase;
			buildActionMask = 2147483647;
			files = (
				A15320FC2BC0F4B600C69E56 /* DeadLineTodoStore.storekit in Resources */,
				A19A87342BDCE52500B5A133 /* InfoPlist.strings in Resources */,
				A122C7E72B57DDEC001BE346 /* Preview Assets.xcassets in Resources */,
				A1DB8CC02B87898700031584 /* Localizable.strings in Resources */,
				A177A9F82BDD3D6D008CD6D3 /* Assets.xcassets in Resources */,
				A15321002BC190FE00C69E56 /* PropertyList.plist in Resources */,
			);
			runOnlyForDeploymentPostprocessing = 0;
		};
/* End PBXResourcesBuildPhase section */

/* Begin PBXSourcesBuildPhase section */
		A1199E972BAC7986000C0A84 /* Sources */ = {
			isa = PBXSourcesBuildPhase;
			buildActionMask = 2147483647;
			files = (
				A1199EA32BAC7986000C0A84 /* DeadLineTodoWidgetBundle.swift in Sources */,
				24741B212EE3326A009836A3 /* ChartData.swift in Sources */,
				24741B222EE3326A009836A3 /* LegacySchemas.swift in Sources */,
				24741B232EE3326A009836A3 /* TodoData.swift in Sources */,
				A1199ED22BAEF986000C0A84 /* DeadLineTodoWidget.swift in Sources */,
			);
			runOnlyForDeploymentPostprocessing = 0;
		};
		A122C7D82B57DDE8001BE346 /* Sources */ = {
			isa = PBXSourcesBuildPhase;
			buildActionMask = 2147483647;
			files = (
				24741B0F2EE33258009836A3 /* ChartData.swift in Sources */,
				24741B102EE33258009836A3 /* LegacySchemas.swift in Sources */,
				24741B112EE33258009836A3 /* TodoData.swift in Sources */,
				24741B1A2EE3325E009836A3 /* ReminderService.swift in Sources */,
				24741B1B2EE3325E009836A3 /* Extensions.swift in Sources */,
				24741B1C2EE3325E009836A3 /* CalendarService.swift in Sources */,
				24741B1D2EE3325E009836A3 /* NotificationService.swift in Sources */,
				24741B1E2EE3325E009836A3 /* TodoService.swift in Sources */,
				24741B1F2EE3325E009836A3 /* AppTips.swift in Sources */,
				24741B202EE3325E009836A3 /* StoreKitManager.swift in Sources */,
				24741B372EE33271009836A3 /* ContributionChartView.swift in Sources */,
				24741B382EE33271009836A3 /* EditTodoView.swift in Sources */,
				24741B392EE33271009836A3 /* SidebarView.swift in Sources */,
				24741B3A2EE33271009836A3 /* SettingsView.swift in Sources */,
				24741B3B2EE33271009836A3 /* EmergencyView.swift in Sources */,
				24741B3C2EE33271009836A3 /* DoneView.swift in Sources */,
				24741B3D2EE33271009836A3 /* StatisticsView.swift in Sources */,
				24741B3E2EE33271009836A3 /* TodoListView.swift in Sources */,
				24741B3F2EE33271009836A3 /* StoreView.swift in Sources */,
				24741B402EE33271009836A3 /* AddTodoView.swift in Sources */,
				24741B412EE33271009836A3 /* ContentView.swift in Sources */,
				24741B422EE33271009836A3 /* SearchTodoView.swift in Sources */,
				24741B432EE33271009836A3 /* TodoCardView.swift in Sources */,
				A122C7E02B57DDE8001BE346 /* DeadLineTodoApp.swift in Sources */,
			);
			runOnlyForDeploymentPostprocessing = 0;
		};
/* End PBXSourcesBuildPhase section */

/* Begin PBXTargetDependency section */
		A1199EAA2BAC7988000C0A84 /* PBXTargetDependency */ = {
			isa = PBXTargetDependency;
			target = A1199E9A2BAC7986000C0A84 /* DeadLineTodoWidgetExtension */;
			targetProxy = A1199EA92BAC7988000C0A84 /* PBXContainerItemProxy */;
		};
/* End PBXTargetDependency section */

/* Begin PBXVariantGroup section */
		A19A87322BDCE52500B5A133 /* InfoPlist.strings */ = {
			isa = PBXVariantGroup;
			children = (
				A19A87332BDCE52500B5A133 /* en */,
				A19A87362BDCE52F00B5A133 /* zh-Hans */,
				A19A87372BDCE53200B5A133 /* zh-Hant */,
			);
			name = InfoPlist.strings;
			sourceTree = "<group>";
		};
		A1DB8CC22B87898700031584 /* Localizable.strings */ = {
			isa = PBXVariantGroup;
			children = (
				A1DB8CC12B87898700031584 /* zh-Hans */,
				A1DB8CC32B87898900031584 /* en */,
				A13E25312B889DDA00D20C74 /* zh-Hant */,
			);
			name = Localizable.strings;
			sourceTree = "<group>";
		};
/* End PBXVariantGroup section */

/* Begin XCBuildConfiguration section */
		A1199EAC2BAC7988000C0A84 /* Debug */ = {
			isa = XCBuildConfiguration;
			buildSettings = {
				ASSETCATALOG_COMPILER_GLOBAL_ACCENT_COLOR_NAME = AccentColor;
				ASSETCATALOG_COMPILER_WIDGET_BACKGROUND_COLOR_NAME = WidgetBackground;
				CODE_SIGN_ENTITLEMENTS = DeadLineTodoWidgetExtension.entitlements;
				CODE_SIGN_IDENTITY = "Apple Development";
				CODE_SIGN_STYLE = Automatic;
				CURRENT_PROJECT_VERSION = 1;
				DEVELOPMENT_TEAM = N9DDMY3PQ3;
				GENERATE_INFOPLIST_FILE = YES;
				INFOPLIST_FILE = DeadLineTodoWidget/Info.plist;
				INFOPLIST_KEY_CFBundleDisplayName = DeadLineTodoWidget;
				INFOPLIST_KEY_NSHumanReadableCopyright = "";
				IPHONEOS_DEPLOYMENT_TARGET = 17.0;
				LD_RUNPATH_SEARCH_PATHS = (
					"$(inherited)",
					"@executable_path/Frameworks",
					"@executable_path/../../Frameworks",
				);
				MARKETING_VERSION = 1.0;
				PRODUCT_BUNDLE_IDENTIFIER = andy.DeadLineTodo.DeadLineTodoWidget;
				PRODUCT_NAME = "$(TARGET_NAME)";
				SKIP_INSTALL = YES;
				SWIFT_EMIT_LOC_STRINGS = YES;
				SWIFT_ENABLE_BATCH_MODE = NO;
				SWIFT_VERSION = 5.0;
				TARGETED_DEVICE_FAMILY = "1,2";
			};
			name = Debug;
		};
		A1199EAD2BAC7988000C0A84 /* Release */ = {
			isa = XCBuildConfiguration;
			buildSettings = {
				ASSETCATALOG_COMPILER_GLOBAL_ACCENT_COLOR_NAME = AccentColor;
				ASSETCATALOG_COMPILER_WIDGET_BACKGROUND_COLOR_NAME = WidgetBackground;
				CODE_SIGN_ENTITLEMENTS = DeadLineTodoWidgetExtension.entitlements;
				CODE_SIGN_IDENTITY = "Apple Development";
				CODE_SIGN_STYLE = Automatic;
				CURRENT_PROJECT_VERSION = 1;
				DEVELOPMENT_TEAM = N9DDMY3PQ3;
				GENERATE_INFOPLIST_FILE = YES;
				INFOPLIST_FILE = DeadLineTodoWidget/Info.plist;
				INFOPLIST_KEY_CFBundleDisplayName = DeadLineTodoWidget;
				INFOPLIST_KEY_NSHumanReadableCopyright = "";
				IPHONEOS_DEPLOYMENT_TARGET = 17.0;
				LD_RUNPATH_SEARCH_PATHS = (
					"$(inherited)",
					"@executable_path/Frameworks",
					"@executable_path/../../Frameworks",
				);
				MARKETING_VERSION = 1.0;
				PRODUCT_BUNDLE_IDENTIFIER = andy.DeadLineTodo.DeadLineTodoWidget;
				PRODUCT_NAME = "$(TARGET_NAME)";
				SKIP_INSTALL = YES;
				SWIFT_EMIT_LOC_STRINGS = YES;
				SWIFT_ENABLE_BATCH_MODE = NO;
				SWIFT_VERSION = 5.0;
				TARGETED_DEVICE_FAMILY = "1,2";
			};
			name = Release;
		};
		A122C7E82B57DDEC001BE346 /* Debug */ = {
			isa = XCBuildConfiguration;
			buildSettings = {
				ALWAYS_SEARCH_USER_PATHS = NO;
				ASSETCATALOG_COMPILER_GENERATE_SWIFT_ASSET_SYMBOL_EXTENSIONS = YES;
				CLANG_ANALYZER_NONNULL = YES;
				CLANG_ANALYZER_NUMBER_OBJECT_CONVERSION = YES_AGGRESSIVE;
				CLANG_CXX_LANGUAGE_STANDARD = "gnu++20";
				CLANG_ENABLE_MODULES = YES;
				CLANG_ENABLE_OBJC_ARC = YES;
				CLANG_ENABLE_OBJC_WEAK = YES;
				CLANG_WARN_BLOCK_CAPTURE_AUTORELEASING = YES;
				CLANG_WARN_BOOL_CONVERSION = YES;
				CLANG_WARN_COMMA = YES;
				CLANG_WARN_CONSTANT_CONVERSION = YES;
				CLANG_WARN_DEPRECATED_OBJC_IMPLEMENTATIONS = YES;
				CLANG_WARN_DIRECT_OBJC_ISA_USAGE = YES_ERROR;
				CLANG_WARN_DOCUMENTATION_COMMENTS = YES;
				CLANG_WARN_EMPTY_BODY = YES;
				CLANG_WARN_ENUM_CONVERSION = YES;
				CLANG_WARN_INFINITE_RECURSION = YES;
				CLANG_WARN_INT_CONVERSION = YES;
				CLANG_WARN_NON_LITERAL_NULL_CONVERSION = YES;
				CLANG_WARN_OBJC_IMPLICIT_RETAIN_SELF = YES;
				CLANG_WARN_OBJC_LITERAL_CONVERSION = YES;
				CLANG_WARN_OBJC_ROOT_CLASS = YES_ERROR;
				CLANG_WARN_QUOTED_INCLUDE_IN_FRAMEWORK_HEADER = YES;
				CLANG_WARN_RANGE_LOOP_ANALYSIS = YES;
				CLANG_WARN_STRICT_PROTOTYPES = YES;
				CLANG_WARN_SUSPICIOUS_MOVE = YES;
				CLANG_WARN_UNGUARDED_AVAILABILITY = YES_AGGRESSIVE;
				CLANG_WARN_UNREACHABLE_CODE = YES;
				CLANG_WARN__DUPLICATE_METHOD_MATCH = YES;
				COPY_PHASE_STRIP = NO;
				DEBUG_INFORMATION_FORMAT = dwarf;
				ENABLE_STRICT_OBJC_MSGSEND = YES;
				ENABLE_TESTABILITY = YES;
				ENABLE_USER_SCRIPT_SANDBOXING = YES;
				GCC_C_LANGUAGE_STANDARD = gnu17;
				GCC_DYNAMIC_NO_PIC = NO;
				GCC_NO_COMMON_BLOCKS = YES;
				GCC_OPTIMIZATION_LEVEL = 0;
				GCC_PREPROCESSOR_DEFINITIONS = (
					"DEBUG=1",
					"$(inherited)",
				);
				GCC_WARN_64_TO_32_BIT_CONVERSION = YES;
				GCC_WARN_ABOUT_RETURN_TYPE = YES_ERROR;
				GCC_WARN_UNDECLARED_SELECTOR = YES;
				GCC_WARN_UNINITIALIZED_AUTOS = YES_AGGRESSIVE;
				GCC_WARN_UNUSED_FUNCTION = YES;
				GCC_WARN_UNUSED_VARIABLE = YES;
				IPHONEOS_DEPLOYMENT_TARGET = 17.4;
				LOCALIZATION_PREFERS_STRING_CATALOGS = YES;
				MTL_ENABLE_DEBUG_INFO = INCLUDE_SOURCE;
				MTL_FAST_MATH = YES;
				ONLY_ACTIVE_ARCH = YES;
				OTHER_LDFLAGS = "";
				SDKROOT = iphoneos;
				SWIFT_ACTIVE_COMPILATION_CONDITIONS = "DEBUG $(inherited)";
				SWIFT_ENABLE_BATCH_MODE = YES;
				SWIFT_OPTIMIZATION_LEVEL = "-Onone";
			};
			name = Debug;
		};
		A122C7E92B57DDEC001BE346 /* Release */ = {
			isa = XCBuildConfiguration;
			buildSettings = {
				ALWAYS_SEARCH_USER_PATHS = NO;
				ASSETCATALOG_COMPILER_GENERATE_SWIFT_ASSET_SYMBOL_EXTENSIONS = YES;
				CLANG_ANALYZER_NONNULL = YES;
				CLANG_ANALYZER_NUMBER_OBJECT_CONVERSION = YES_AGGRESSIVE;
				CLANG_CXX_LANGUAGE_STANDARD = "gnu++20";
				CLANG_ENABLE_MODULES = YES;
				CLANG_ENABLE_OBJC_ARC = YES;
				CLANG_ENABLE_OBJC_WEAK = YES;
				CLANG_WARN_BLOCK_CAPTURE_AUTORELEASING = YES;
				CLANG_WARN_BOOL_CONVERSION = YES;
				CLANG_WARN_COMMA = YES;
				CLANG_WARN_CONSTANT_CONVERSION = YES;
				CLANG_WARN_DEPRECATED_OBJC_IMPLEMENTATIONS = YES;
				CLANG_WARN_DIRECT_OBJC_ISA_USAGE = YES_ERROR;
				CLANG_WARN_DOCUMENTATION_COMMENTS = YES;
				CLANG_WARN_EMPTY_BODY = YES;
				CLANG_WARN_ENUM_CONVERSION = YES;
				CLANG_WARN_INFINITE_RECURSION = YES;
				CLANG_WARN_INT_CONVERSION = YES;
				CLANG_WARN_NON_LITERAL_NULL_CONVERSION = YES;
				CLANG_WARN_OBJC_IMPLICIT_RETAIN_SELF = YES;
				CLANG_WARN_OBJC_LITERAL_CONVERSION = YES;
				CLANG_WARN_OBJC_ROOT_CLASS = YES_ERROR;
				CLANG_WARN_QUOTED_INCLUDE_IN_FRAMEWORK_HEADER = YES;
				CLANG_WARN_RANGE_LOOP_ANALYSIS = YES;
				CLANG_WARN_STRICT_PROTOTYPES = YES;
				CLANG_WARN_SUSPICIOUS_MOVE = YES;
				CLANG_WARN_UNGUARDED_AVAILABILITY = YES_AGGRESSIVE;
				CLANG_WARN_UNREACHABLE_CODE = YES;
				CLANG_WARN__DUPLICATE_METHOD_MATCH = YES;
				COPY_PHASE_STRIP = NO;
				DEBUG_INFORMATION_FORMAT = "dwarf-with-dsym";
				ENABLE_NS_ASSERTIONS = NO;
				ENABLE_STRICT_OBJC_MSGSEND = YES;
				ENABLE_USER_SCRIPT_SANDBOXING = YES;
				GCC_C_LANGUAGE_STANDARD = gnu17;
				GCC_NO_COMMON_BLOCKS = YES;
				GCC_WARN_64_TO_32_BIT_CONVERSION = YES;
				GCC_WARN_ABOUT_RETURN_TYPE = YES_ERROR;
				GCC_WARN_UNDECLARED_SELECTOR = YES;
				GCC_WARN_UNINITIALIZED_AUTOS = YES_AGGRESSIVE;
				GCC_WARN_UNUSED_FUNCTION = YES;
				GCC_WARN_UNUSED_VARIABLE = YES;
				IPHONEOS_DEPLOYMENT_TARGET = 17.4;
				LOCALIZATION_PREFERS_STRING_CATALOGS = YES;
				MTL_ENABLE_DEBUG_INFO = NO;
				MTL_FAST_MATH = YES;
				OTHER_LDFLAGS = "";
				SDKROOT = iphoneos;
				SWIFT_COMPILATION_MODE = wholemodule;
				SWIFT_ENABLE_BATCH_MODE = YES;
				VALIDATE_PRODUCT = YES;
			};
			name = Release;
		};
		A122C7EB2B57DDEC001BE346 /* Debug */ = {
			isa = XCBuildConfiguration;
			buildSettings = {
				ALWAYS_EMBED_SWIFT_STANDARD_LIBRARIES = YES;
				ASSETCATALOG_COMPILER_APPICON_NAME = AppIcon;
				ASSETCATALOG_COMPILER_GLOBAL_ACCENT_COLOR_NAME = AccentColor;
				ASSETCATALOG_COMPILER_INCLUDE_ALL_APPICON_ASSETS = YES;
				CLANG_ENABLE_MODULES = YES;
				CODE_SIGN_ENTITLEMENTS = DeadLineTodo/DeadLineTodo.entitlements;
				CODE_SIGN_IDENTITY = "Apple Development";
				CODE_SIGN_STYLE = Automatic;
				CURRENT_PROJECT_VERSION = 3.1.10;
				DEVELOPMENT_ASSET_PATHS = "\"DeadLineTodo/Preview Content\"";
				DEVELOPMENT_TEAM = N9DDMY3PQ3;
				ENABLE_PREVIEWS = YES;
				GENERATE_INFOPLIST_FILE = YES;
				INFOPLIST_FILE = DeadLineTodo/Info.plist;
				INFOPLIST_KEY_CFBundleDisplayName = DeadLineTodo;
				INFOPLIST_KEY_LSApplicationCategoryType = "public.app-category.productivity";
				INFOPLIST_KEY_UIApplicationSceneManifest_Generation = YES;
				INFOPLIST_KEY_UIApplicationSupportsIndirectInputEvents = YES;
				INFOPLIST_KEY_UILaunchScreen_Generation = YES;
				INFOPLIST_KEY_UIStatusBarStyle = "";
				INFOPLIST_KEY_UISupportedInterfaceOrientations_iPad = "UIInterfaceOrientationPortrait UIInterfaceOrientationPortraitUpsideDown UIInterfaceOrientationLandscapeLeft UIInterfaceOrientationLandscapeRight";
				INFOPLIST_KEY_UISupportedInterfaceOrientations_iPhone = "UIInterfaceOrientationPortrait UIInterfaceOrientationLandscapeLeft UIInterfaceOrientationLandscapeRight";
				IPHONEOS_DEPLOYMENT_TARGET = 17.0;
				LD_RUNPATH_SEARCH_PATHS = (
					"$(inherited)",
					"@executable_path/Frameworks",
				);
				MARKETING_VERSION = 3.1.10;
				OTHER_LDFLAGS = "";
				PRODUCT_BUNDLE_IDENTIFIER = andy.DeadLineTodo;
				PRODUCT_NAME = "$(TARGET_NAME)";
				PROVISIONING_PROFILE_SPECIFIER = "";
				SWIFT_COMPILATION_MODE = singlefile;
				SWIFT_DISABLE_SAFETY_CHECKS = NO;
				SWIFT_EMIT_LOC_STRINGS = YES;
				SWIFT_ENFORCE_EXCLUSIVE_ACCESS = on;
				SWIFT_OPTIMIZATION_LEVEL = "-Onone";
				SWIFT_VERSION = 5.0;
				TARGETED_DEVICE_FAMILY = "1,2";
			};
			name = Debug;
		};
		A122C7EC2B57DDEC001BE346 /* Release */ = {
			isa = XCBuildConfiguration;
			buildSettings = {
				ALWAYS_EMBED_SWIFT_STANDARD_LIBRARIES = YES;
				ASSETCATALOG_COMPILER_APPICON_NAME = AppIcon;
				ASSETCATALOG_COMPILER_GLOBAL_ACCENT_COLOR_NAME = AccentColor;
				ASSETCATALOG_COMPILER_INCLUDE_ALL_APPICON_ASSETS = YES;
				CLANG_ENABLE_MODULES = YES;
				CODE_SIGN_ENTITLEMENTS = DeadLineTodo/DeadLineTodo.entitlements;
				CODE_SIGN_IDENTITY = "Apple Development";
				CODE_SIGN_STYLE = Automatic;
				CURRENT_PROJECT_VERSION = 3.1.10;
				DEVELOPMENT_ASSET_PATHS = "\"DeadLineTodo/Preview Content\"";
				DEVELOPMENT_TEAM = N9DDMY3PQ3;
				ENABLE_PREVIEWS = YES;
				GENERATE_INFOPLIST_FILE = YES;
				INFOPLIST_FILE = DeadLineTodo/Info.plist;
				INFOPLIST_KEY_CFBundleDisplayName = DeadLineTodo;
				INFOPLIST_KEY_LSApplicationCategoryType = "public.app-category.productivity";
				INFOPLIST_KEY_UIApplicationSceneManifest_Generation = YES;
				INFOPLIST_KEY_UIApplicationSupportsIndirectInputEvents = YES;
				INFOPLIST_KEY_UILaunchScreen_Generation = YES;
				INFOPLIST_KEY_UIStatusBarStyle = "";
				INFOPLIST_KEY_UISupportedInterfaceOrientations_iPad = "UIInterfaceOrientationPortrait UIInterfaceOrientationPortraitUpsideDown UIInterfaceOrientationLandscapeLeft UIInterfaceOrientationLandscapeRight";
				INFOPLIST_KEY_UISupportedInterfaceOrientations_iPhone = "UIInterfaceOrientationPortrait UIInterfaceOrientationLandscapeLeft UIInterfaceOrientationLandscapeRight";
				IPHONEOS_DEPLOYMENT_TARGET = 17.0;
				LD_RUNPATH_SEARCH_PATHS = (
					"$(inherited)",
					"@executable_path/Frameworks",
				);
				MARKETING_VERSION = 3.1.10;
				OTHER_LDFLAGS = "";
				PRODUCT_BUNDLE_IDENTIFIER = andy.DeadLineTodo;
				PRODUCT_NAME = "$(TARGET_NAME)";
				PROVISIONING_PROFILE_SPECIFIER = "";
				SWIFT_COMPILATION_MODE = wholemodule;
				SWIFT_DISABLE_SAFETY_CHECKS = NO;
				SWIFT_EMIT_LOC_STRINGS = YES;
				SWIFT_OPTIMIZATION_LEVEL = "-Onone";
				SWIFT_VERSION = 5.0;
				TARGETED_DEVICE_FAMILY = "1,2";
			};
			name = Release;
		};
/* End XCBuildConfiguration section */

/* Begin XCConfigurationList section */
		A1199EAE2BAC7988000C0A84 /* Build configuration list for PBXNativeTarget "DeadLineTodoWidgetExtension" */ = {
			isa = XCConfigurationList;
			buildConfigurations = (
				A1199EAC2BAC7988000C0A84 /* Debug */,
				A1199EAD2BAC7988000C0A84 /* Release */,
			);
			defaultConfigurationIsVisible = 0;
			defaultConfigurationName = Release;
		};
		A122C7D72B57DDE8001BE346 /* Build configuration list for PBXProject "DeadLineTodo" */ = {
			isa = XCConfigurationList;
			buildConfigurations = (
				A122C7E82B57DDEC001BE346 /* Debug */,
				A122C7E92B57DDEC001BE346 /* Release */,
			);
			defaultConfigurationIsVisible = 0;
			defaultConfigurationName = Release;
		};
		A122C7EA2B57DDEC001BE346 /* Build configuration list for PBXNativeTarget "DeadLineTodo" */ = {
			isa = XCConfigurationList;
			buildConfigurations = (
				A122C7EB2B57DDEC001BE346 /* Debug */,
				A122C7EC2B57DDEC001BE346 /* Release */,
			);
			defaultConfigurationIsVisible = 0;
			defaultConfigurationName = Release;
		};
/* End XCConfigurationList section */

/* Begin XCRemoteSwiftPackageReference section */
		C59CCB712DA2D2BB00406817 /* XCRemoteSwiftPackageReference "swiftui-pull-to-refresh" */ = {
			isa = XCRemoteSwiftPackageReference;
			repositoryURL = "https://github.com/globulus/swiftui-pull-to-refresh.git";
			requirement = {
				kind = upToNextMajorVersion;
				minimumVersion = 1.1.9;
			};
		};
/* End XCRemoteSwiftPackageReference section */

/* Begin XCSwiftPackageProductDependency section */
		A16D36F12D77140400AF3FD2 /* SwiftUIPullToRefresh */ = {
			isa = XCSwiftPackageProductDependency;
			productName = SwiftUIPullToRefresh;
		};
		C59CCB722DA2D2BB00406817 /* SwiftUIPullToRefresh */ = {
			isa = XCSwiftPackageProductDependency;
			package = C59CCB712DA2D2BB00406817 /* XCRemoteSwiftPackageReference "swiftui-pull-to-refresh" */;
			productName = SwiftUIPullToRefresh;
		};
/* End XCSwiftPackageProductDependency section */
	};
	rootObject = A122C7D42B57DDE8001BE346 /* Project object */;
}
